
Microsoft Visual Studio Solution File, Format Version 12.00
# Visual Studio Version 16
VisualStudioVersion = 16.0.29318.209
MinimumVisualStudioVersion = 10.0.40219.1
Project("{FAE04EC0-301F-11D3-BF4B-00C04F79EFBC}") = "customlist", "customlist.csproj", "{C36DF6FF-7702-4856-9EFD-B7A94DDB15EF}"
EndProject
Project("{FAE04EC0-301F-11D3-BF4B-00C04F79EFBC}") = "UnitTestProject1", "..\UnitTestProject1\UnitTestProject1.csproj", "{1ECF7CE5-0ECE-431A-BD3C-53C4D26B6981}"
EndProject
Global
	GlobalSection(SolutionConfigurationPlatforms) = preSolution
		Debug|Any CPU = Debug|Any CPU
		Release|Any CPU = Release|Any CPU
	EndGlobalSection
	GlobalSection(ProjectConfigurationPlatforms) = postSolution
		{C36DF6FF-7702-4856-9EFD-B7A94DDB15EF}.Debug|Any CPU.ActiveCfg = Debug|Any CPU
		{C36DF6FF-7702-4856-9EFD-B7A94DDB15EF}.Debug|Any CPU.Build.0 = Debug|Any CPU
		{C36DF6FF-7702-4856-9EFD-B7A94DDB15EF}.Release|Any CPU.ActiveCfg = Release|Any CPU
		{C36DF6FF-7702-4856-9EFD-B7A94DDB15EF}.Release|Any CPU.Build.0 = Release|Any CPU
		{1ECF7CE5-0ECE-431A-BD3C-53C4D26B6981}.Debug|Any CPU.ActiveCfg = Debug|Any CPU
		{1ECF7CE5-0ECE-431A-BD3C-53C4D26B6981}.Debug|Any CPU.Build.0 = Debug|Any CPU
		{1ECF7CE5-0ECE-431A-BD3C-53C4D26B6981}.Release|Any CPU.ActiveCfg = Release|Any CPU
		{1ECF7CE5-0ECE-431A-BD3C-53C4D26B6981}.Release|Any CPU.Build.0 = Release|Any CPU
	EndGlobalSection
	GlobalSection(SolutionProperties) = preSolution
		HideSolutionNode = FALSE
	EndGlobalSection
	GlobalSection(ExtensibilityGlobals) = postSolution
		SolutionGuid = {D307C980-92A2-49ED-845C-E89C66746BF2}
	EndGlobalSection
EndGlobal
